<?xml version="1.0" encoding="utf-8"?>
<Project ToolsVersion="4.0" xmlns="http://schemas.microsoft.com/developer/msbuild/2003">
  <ItemGroup>
    <Filter Include="Resource Files"/>
    <Filter Include="Source Files"/>
    <Filter Include="Source Files\Accumulator"/>
    <Filter Include="Source Files\Include"/>
    <Filter Include="Source Files\Logger"/>
  </ItemGroup>
  <ItemGroup>
    <ClInclude Include="autoversion.h">
      <Filter>Source Files</Filter>
    </ClInclude>
    <ClInclude Include="BackgroundReader.h">
      <Filter>Source Files</Filter>
    </ClInclude>
    <ClInclude Include="BlackReader.h">
      <Filter>Source Files</Filter>
    </ClInclude>
    <ClInclude Include="BlackWriter.h">
      <Filter>Source Files</Filter>
    </ClInclude>
    <ClInclude Include="BlueEventToPython.h">
      <Filter>Source Files</Filter>
    </ClInclude>
    <ClInclude Include="BlueFileStream.h">
      <Filter>Source Files</Filter>
    </ClInclude>
    <ClInclude Include="bluekey.h">
      <Filter>Source Files</Filter>
    </ClInclude>
    <ClInclude Include="blueloginmemory.h">
      <Filter>Source Files</Filter>
    </ClInclude>
    <ClInclude Include="BlueMemoryTracker.h">
      <Filter>Source Files</Filter>
    </ClInclude>
    <ClInclude Include="BlueMemStream.h">
      <Filter>Source Files</Filter>
    </ClInclude>
    <ClInclude Include="BlueNetworkStream.h">
      <Filter>Source Files</Filter>
    </ClInclude>
    <ClInclude Include="BlueObjectBuilderPython.h">
      <Filter>Source Files</Filter>
    </ClInclude>
    <ClInclude Include="BlueObjectProxy.h">
      <Filter>Source Files</Filter>
    </ClInclude>
    <ClInclude Include="BlueObjectRecycler.h">
      <Filter>Source Files</Filter>
    </ClInclude>
    <ClInclude Include="BlueOS.h">
      <Filter>Source Files</Filter>
    </ClInclude>
    <ClInclude Include="BluePaths.h">
      <Filter>Source Files</Filter>
    </ClInclude>
    <ClInclude Include="BluePython.h">
      <Filter>Source Files</Filter>
    </ClInclude>
    <ClInclude Include="BluePythonWeakRef.h">
      <Filter>Source Files</Filter>
    </ClInclude>
    <ClInclude Include="BlueRemoteStream.h">
      <Filter>Source Files</Filter>
    </ClInclude>
    <ClInclude Include="BlueResFile.h">
      <Filter>Source Files</Filter>
    </ClInclude>
    <ClInclude Include="BlueResFile2.h">
      <Filter>Source Files</Filter>
    </ClInclude>
    <ClInclude Include="BlueResFileSystemLocal.h">
      <Filter>Source Files</Filter>
    </ClInclude>
    <ClInclude Include="BlueResFileSystemRemote.h">
      <Filter>Source Files</Filter>
    </ClInclude>
    <ClInclude Include="BlueResFileSystemStuff.h">
      <Filter>Source Files</Filter>
    </ClInclude>
    <ClInclude Include="BlueResMan.h">
      <Filter>Source Files</Filter>
    </ClInclude>
    <ClInclude Include="BlueResManBackgroundCall.h">
      <Filter>Source Files</Filter>
    </ClInclude>
    <ClInclude Include="BlueSocketLogger.h">
      <Filter>Source Files</Filter>
    </ClInclude>
    <ClInclude Include="BlueStuffFileStream.h">
      <Filter>Source Files</Filter>
    </ClInclude>
    <ClInclude Include="BlueTestHelpers.h">
      <Filter>Source Files</Filter>
    </ClInclude>
    <ClInclude Include="BlueTextResource.h">
      <Filter>Source Files</Filter>
    </ClInclude>
    <ClInclude Include="BlueThreadMonitor.h">
      <Filter>Source Files</Filter>
    </ClInclude>
    <ClInclude Include="BlueTime.h">
      <Filter>Source Files</Filter>
    </ClInclude>
    <ClInclude Include="BlueTimeoutHandler.h">
      <Filter>Source Files</Filter>
    </ClInclude>
    <ClInclude Include="CallbackMan.h">
      <Filter>Source Files</Filter>
    </ClInclude>
    <ClInclude Include="crypto.h">
      <Filter>Source Files</Filter>
    </ClInclude>
    <ClInclude Include="DictReader.h">
      <Filter>Source Files</Filter>
    </ClInclude>
    <ClInclude Include="EmbedFs.h">
      <Filter>Source Files</Filter>
    </ClInclude>
    <ClInclude Include="FileLogger.h">
      <Filter>Source Files</Filter>
    </ClInclude>
    <ClInclude Include="Filer.h">
      <Filter>Source Files</Filter>
    </ClInclude>
    <ClInclude Include="Heap.h">
      <Filter>Source Files</Filter>
    </ClInclude>
    <ClInclude Include="IOLoop.h">
      <Filter>Source Files</Filter>
    </ClInclude>
    <ClInclude Include="IRootReader.h">
      <Filter>Source Files</Filter>
    </ClInclude>
    <ClInclude Include="IRootWriter.h">
      <Filter>Source Files</Filter>
    </ClInclude>
    <ClInclude Include="LogglyForwarder.h">
      <Filter>Source Files</Filter>
    </ClInclude>
    <ClInclude Include="LogToPython.h">
      <Filter>Source Files</Filter>
    </ClInclude>
    <ClInclude Include="manifest.h">
      <Filter>Source Files</Filter>
    </ClInclude>
    <ClInclude Include="Marshal.h">
      <Filter>Source Files</Filter>
    </ClInclude>
    <ClInclude Include="md5.h">
      <Filter>Source Files</Filter>
    </ClInclude>
    <ClInclude Include="MotherLode.h">
      <Filter>Source Files</Filter>
    </ClInclude>
    <ClInclude Include="NetworkLogger.h">
      <Filter>Source Files</Filter>
    </ClInclude>
    <ClInclude Include="PrettyPrint.h">
      <Filter>Source Files</Filter>
    </ClInclude>
    <ClInclude Include="PyRowset.h">
      <Filter>Source Files</Filter>
    </ClInclude>
    <ClInclude Include="PyScheduler.h">
      <Filter>Source Files</Filter>
    </ClInclude>
    <ClInclude Include="PyTemplates.h">
      <Filter>Source Files</Filter>
    </ClInclude>
    <ClInclude Include="PythonEvents.h">
      <Filter>Source Files</Filter>
    </ClInclude>
    <ClInclude Include="RemoteFileCache.h">
      <Filter>Source Files</Filter>
    </ClInclude>
    <ClInclude Include="resource.h">
      <Filter>Source Files</Filter>
    </ClInclude>
    <ClInclude Include="ResourceLoading.h">
      <Filter>Source Files</Filter>
    </ClInclude>
    <ClInclude Include="SimpleJson.h">
      <Filter>Source Files</Filter>
    </ClInclude>
    <ClInclude Include="SqliteLogger.h">
      <Filter>Source Files</Filter>
    </ClInclude>
    <ClInclude Include="StdAfx.h">
      <Filter>Source Files</Filter>
    </ClInclude>
    <ClInclude Include="Stuffer.h">
      <Filter>Source Files</Filter>
    </ClInclude>
    <ClInclude Include="Synchro.h">
      <Filter>Source Files</Filter>
    </ClInclude>
    <ClInclude Include="TaskletTimer.h">
      <Filter>Source Files</Filter>
    </ClInclude>
    <ClInclude Include="version.h">
      <Filter>Source Files</Filter>
    </ClInclude>
    <ClInclude Include="WatchdogThread.h">
      <Filter>Source Files</Filter>
    </ClInclude>
    <ClInclude Include="win32.h">
      <Filter>Source Files</Filter>
    </ClInclude>
    <ClInclude Include="YamlReader.h">
      <Filter>Source Files</Filter>
    </ClInclude>
    <ClInclude Include="YamlWriter.h">
      <Filter>Source Files</Filter>
    </ClInclude>
    <ClInclude Include="Accumulator\PercentileAccumulator.h">
      <Filter>Source Files\Accumulator</Filter>
    </ClInclude>
    <ClInclude Include="Include\Base64.h">
      <Filter>Source Files\Include</Filter>
    </ClInclude>
    <ClInclude Include="Include\BitPacker.h">
      <Filter>Source Files\Include</Filter>
    </ClInclude>
    <ClInclude Include="Include\Blue.h">
      <Filter>Source Files\Include</Filter>
    </ClInclude>
    <ClInclude Include="Include\BlueAsyncRes.h">
      <Filter>Source Files\Include</Filter>
    </ClInclude>
    <ClInclude Include="Include\BlueChoosers.h">
      <Filter>Source Files\Include</Filter>
    </ClInclude>
    <ClInclude Include="Include\BlueFileUtil.h">
      <Filter>Source Files\Include</Filter>
    </ClInclude>
    <ClInclude Include="Include\BlueId.h">
      <Filter>Source Files\Include</Filter>
    </ClInclude>
    <ClInclude Include="Include\BlueMain.h">
      <Filter>Source Files\Include</Filter>
    </ClInclude>
    <ClInclude Include="Include\BlueNet.h">
      <Filter>Source Files\Include</Filter>
    </ClInclude>
    <ClInclude Include="Include\BlueNetTypes.h">
      <Filter>Source Files\Include</Filter>
    </ClInclude>
    <ClInclude Include="Include\BluePySwrap.h">
      <Filter>Source Files\Include</Filter>
    </ClInclude>
    <ClInclude Include="Include\BlueStatistics.h">
      <Filter>Source Files\Include</Filter>
    </ClInclude>
    <ClInclude Include="Include\DataStructs.h">
      <Filter>Source Files\Include</Filter>
    </ClInclude>
    <ClInclude Include="Include\IBlueCallbackMan.h">
      <Filter>Source Files\Include</Filter>
    </ClInclude>
    <ClInclude Include="Include\IBlueEventListener.h">
      <Filter>Source Files\Include</Filter>
    </ClInclude>
    <ClInclude Include="Include\IBlueObjectBuilder.h">
      <Filter>Source Files\Include</Filter>
    </ClInclude>
    <ClInclude Include="Include\IBlueObjectProxy.h">
      <Filter>Source Files\Include</Filter>
    </ClInclude>
    <ClInclude Include="Include\IBlueObjectRecycler.h">
      <Filter>Source Files\Include</Filter>
    </ClInclude>
    <ClInclude Include="Include\IBlueOS.h">
      <Filter>Source Files\Include</Filter>
    </ClInclude>
    <ClInclude Include="Include\IBluePaths.h">
      <Filter>Source Files\Include</Filter>
    </ClInclude>
    <ClInclude Include="Include\IBluePersist.h">
      <Filter>Source Files\Include</Filter>
    </ClInclude>
    <ClInclude Include="Include\IBluePlacementObserver.h">
      <Filter>Source Files\Include</Filter>
    </ClInclude>
    <ClInclude Include="Include\IBluePython.h">
      <Filter>Source Files\Include</Filter>
    </ClInclude>
    <ClInclude Include="Include\IBlueResFileSystem.h">
      <Filter>Source Files\Include</Filter>
    </ClInclude>
    <ClInclude Include="Include\IBlueResMan.h">
      <Filter>Source Files\Include</Filter>
    </ClInclude>
    <ClInclude Include="Include\IBlueResource.h">
      <Filter>Source Files\Include</Filter>
    </ClInclude>
    <ClInclude Include="Include\IBlueThreadMonitor.h">
      <Filter>Source Files\Include</Filter>
    </ClInclude>
    <ClInclude Include="Include\ICacheable.h">
      <Filter>Source Files\Include</Filter>
    </ClInclude>
    <ClInclude Include="Include\ICcpStatisticsAccumulator.h">
      <Filter>Source Files\Include</Filter>
    </ClInclude>
    <ClInclude Include="Include\IMotherLode.h">
      <Filter>Source Files\Include</Filter>
    </ClInclude>
    <ClInclude Include="Include\ITaskletTimer.h">
      <Filter>Source Files\Include</Filter>
    </ClInclude>
    <ClInclude Include="Include\IUnloadable.h">
      <Filter>Source Files\Include</Filter>
    </ClInclude>
    <ClInclude Include="Include\ScopedBlockTrap.h">
      <Filter>Source Files\Include</Filter>
    </ClInclude>
    <ClInclude Include="Include\StructPacker.h">
      <Filter>Source Files\Include</Filter>
    </ClInclude>
    <ClInclude Include="Include\TransGaming.h">
      <Filter>Source Files\Include</Filter>
    </ClInclude>
    <ClInclude Include="..\Logger\Logger.h">
      <Filter>Source Files\Logger</Filter>
    </ClInclude>
    <ClInclude Include="..\Logger\LoggerLib.h">
      <Filter>Source Files\Logger</Filter>
    </ClInclude>
    <ClInclude Include="..\Logger\LogServer.h">
      <Filter>Source Files\Logger</Filter>
    </ClInclude>
    <ClCompile Include="BackgroundReader.cpp">
      <Filter>Source Files</Filter>
    </ClCompile>
    <ClCompile Include="Base64.cpp">
      <Filter>Source Files</Filter>
    </ClCompile>
    <ClCompile Include="BlackReader.cpp">
      <Filter>Source Files</Filter>
    </ClCompile>
    <ClCompile Include="BlackReader_Blue.cpp">
      <Filter>Source Files</Filter>
    </ClCompile>
    <ClCompile Include="BlackWriter.cpp">
      <Filter>Source Files</Filter>
    </ClCompile>
    <ClCompile Include="BlackWriter_Blue.cpp">
      <Filter>Source Files</Filter>
    </ClCompile>
    <ClCompile Include="blue.cpp">
      <Filter>Source Files</Filter>
    </ClCompile>
    <ClCompile Include="BlueAsyncRes.cpp">
      <Filter>Source Files</Filter>
    </ClCompile>
    <ClCompile Include="BlueAsyncRes_Blue.cpp">
      <Filter>Source Files</Filter>
    </ClCompile>
    <ClCompile Include="BlueEventToPython.cpp">
      <Filter>Source Files</Filter>
    </ClCompile>
    <ClCompile Include="BlueEventToPython_Blue.cpp">
      <Filter>Source Files</Filter>
    </ClCompile>
    <ClCompile Include="BlueFileStream.cpp">
      <Filter>Source Files</Filter>
    </ClCompile>
    <ClCompile Include="BlueFileStream_Blue.cpp">
      <Filter>Source Files</Filter>
    </ClCompile>
    <ClCompile Include="BlueFileUtil.cpp">
      <Filter>Source Files</Filter>
    </ClCompile>
    <ClCompile Include="BlueLogInMemory.cpp">
      <Filter>Source Files</Filter>
    </ClCompile>
    <ClCompile Include="BlueLogInMemory_Blue.cpp">
      <Filter>Source Files</Filter>
    </ClCompile>
    <ClCompile Include="BlueMemoryTracker.cpp">
      <Filter>Source Files</Filter>
    </ClCompile>
    <ClCompile Include="BlueMemoryTracker_Blue.cpp">
      <Filter>Source Files</Filter>
    </ClCompile>
    <ClCompile Include="BlueMemStream.cpp">
      <Filter>Source Files</Filter>
    </ClCompile>
    <ClCompile Include="BlueMemStream_Blue.cpp">
      <Filter>Source Files</Filter>
    </ClCompile>
    <ClCompile Include="BlueNet.cpp">
      <Filter>Source Files</Filter>
    </ClCompile>
    <ClCompile Include="BlueNetworkStream.cpp">
      <Filter>Source Files</Filter>
    </ClCompile>
    <ClCompile Include="BlueNetworkStream_Blue.cpp">
      <Filter>Source Files</Filter>
    </ClCompile>
    <ClCompile Include="BlueObjectBuilderPython.cpp">
      <Filter>Source Files</Filter>
    </ClCompile>
    <ClCompile Include="BlueObjectBuilderPython_Blue.cpp">
      <Filter>Source Files</Filter>
    </ClCompile>
    <ClCompile Include="BlueObjectProxy.cpp">
      <Filter>Source Files</Filter>
    </ClCompile>
    <ClCompile Include="BlueObjectProxy_Blue.cpp">
      <Filter>Source Files</Filter>
    </ClCompile>
    <ClCompile Include="BlueObjectRecycler.cpp">
      <Filter>Source Files</Filter>
    </ClCompile>
    <ClCompile Include="BlueObjectRecycler_Blue.cpp">
      <Filter>Source Files</Filter>
    </ClCompile>
    <ClCompile Include="BlueOS.cpp">
      <Filter>Source Files</Filter>
    </ClCompile>
    <ClCompile Include="BlueOS_Blue.cpp">
      <Filter>Source Files</Filter>
    </ClCompile>
    <ClCompile Include="BluePaths.cpp">
      <Filter>Source Files</Filter>
    </ClCompile>
    <ClCompile Include="BluePaths_Blue.cpp">
      <Filter>Source Files</Filter>
    </ClCompile>
    <ClCompile Include="BluePython.cpp">
      <Filter>Source Files</Filter>
    </ClCompile>
    <ClCompile Include="BluePythonWeakRef.cpp">
      <Filter>Source Files</Filter>
    </ClCompile>
    <ClCompile Include="BluePythonWeakRef_Blue.cpp">
      <Filter>Source Files</Filter>
    </ClCompile>
    <ClCompile Include="BluePython_Blue.cpp">
      <Filter>Source Files</Filter>
    </ClCompile>
    <ClCompile Include="BlueRemoteStream.cpp">
      <Filter>Source Files</Filter>
    </ClCompile>
    <ClCompile Include="BlueRemoteStream_Blue.cpp">
      <Filter>Source Files</Filter>
    </ClCompile>
    <ClCompile Include="BlueResFile2.cpp">
      <Filter>Source Files</Filter>
    </ClCompile>
    <ClCompile Include="BlueResFile2_Blue.cpp">
      <Filter>Source Files</Filter>
    </ClCompile>
    <ClCompile Include="BlueResFileSystemLocal.cpp">
      <Filter>Source Files</Filter>
    </ClCompile>
    <ClCompile Include="BlueResFileSystemLocal_Blue.cpp">
      <Filter>Source Files</Filter>
    </ClCompile>
    <ClCompile Include="BlueResFileSystemRemote.cpp">
      <Filter>Source Files</Filter>
    </ClCompile>
    <ClCompile Include="BlueResFileSystemRemote_Blue.cpp">
      <Filter>Source Files</Filter>
    </ClCompile>
    <ClCompile Include="BlueResFileSystemStuff.cpp">
      <Filter>Source Files</Filter>
    </ClCompile>
    <ClCompile Include="BlueResFileSystemStuff_Blue.cpp">
      <Filter>Source Files</Filter>
    </ClCompile>
    <ClCompile Include="BlueResMan.cpp">
      <Filter>Source Files</Filter>
    </ClCompile>
    <ClCompile Include="BlueResManBackgroundCall.cpp">
      <Filter>Source Files</Filter>
    </ClCompile>
    <ClCompile Include="BlueResMan_Blue.cpp">
      <Filter>Source Files</Filter>
    </ClCompile>
    <ClCompile Include="BlueSocketLogger.cpp">
      <Filter>Source Files</Filter>
    </ClCompile>
    <ClCompile Include="BlueStatistics.cpp">
      <Filter>Source Files</Filter>
    </ClCompile>
    <ClCompile Include="BlueStatistics_Blue.cpp">
      <Filter>Source Files</Filter>
    </ClCompile>
    <ClCompile Include="BlueStreamMethods.cpp">
      <Filter>Source Files</Filter>
    </ClCompile>
    <ClCompile Include="BlueStuffFileStream.cpp">
      <Filter>Source Files</Filter>
    </ClCompile>
    <ClCompile Include="BlueStuffFileStream_Blue.cpp">
      <Filter>Source Files</Filter>
    </ClCompile>
    <ClCompile Include="BlueTestHelpers.cpp">
      <Filter>Source Files</Filter>
    </ClCompile>
    <ClCompile Include="BlueTestHelpers_Blue.cpp">
      <Filter>Source Files</Filter>
    </ClCompile>
    <ClCompile Include="BlueTextResource.cpp">
      <Filter>Source Files</Filter>
    </ClCompile>
    <ClCompile Include="BlueTextResource_Blue.cpp">
      <Filter>Source Files</Filter>
    </ClCompile>
    <ClCompile Include="BlueThreadMonitor.cpp">
      <Filter>Source Files</Filter>
    </ClCompile>
    <ClCompile Include="BlueThreadMonitor_Blue.cpp">
      <Filter>Source Files</Filter>
    </ClCompile>
    <ClCompile Include="BlueTime.cpp">
      <Filter>Source Files</Filter>
    </ClCompile>
    <ClCompile Include="BlueTimeoutHandler.cpp">
      <Filter>Source Files</Filter>
    </ClCompile>
    <ClCompile Include="BreakInDebugger.cpp">
      <Filter>Source Files</Filter>
    </ClCompile>
    <ClCompile Include="CallbackMan.cpp">
      <Filter>Source Files</Filter>
    </ClCompile>
    <ClCompile Include="CallbackMan_Blue.cpp">
      <Filter>Source Files</Filter>
    </ClCompile>
    <ClCompile Include="crypto.cpp">
      <Filter>Source Files</Filter>
    </ClCompile>
    <ClCompile Include="DictReader.cpp">
      <Filter>Source Files</Filter>
    </ClCompile>
    <ClCompile Include="DictReader_Blue.cpp">
      <Filter>Source Files</Filter>
    </ClCompile>
    <ClCompile Include="EmbedFs.cpp">
      <Filter>Source Files</Filter>
    </ClCompile>
    <ClCompile Include="FileLogger.cpp">
      <Filter>Source Files</Filter>
    </ClCompile>
    <ClCompile Include="Filer.cpp">
      <Filter>Source Files</Filter>
    </ClCompile>
    <ClCompile Include="IBlueEventListener_Blue.cpp">
      <Filter>Source Files</Filter>
    </ClCompile>
    <ClCompile Include="IBlueObjectBuilder_Blue.cpp">
      <Filter>Source Files</Filter>
    </ClCompile>
    <ClCompile Include="IBluePlacementObserver_Blue.cpp">
      <Filter>Source Files</Filter>
    </ClCompile>
    <ClCompile Include="IOLoop.cpp">
      <Filter>Source Files</Filter>
    </ClCompile>
    <ClCompile Include="IRootReader.cpp">
      <Filter>Source Files</Filter>
    </ClCompile>
    <ClCompile Include="IRootWriter.cpp">
      <Filter>Source Files</Filter>
    </ClCompile>
    <ClCompile Include="IRootWriter_Blue.cpp">
      <Filter>Source Files</Filter>
    </ClCompile>
    <ClCompile Include="LogglyForwarder.cpp">
      <Filter>Source Files</Filter>
    </ClCompile>
    <ClCompile Include="LogToPython.cpp">
      <Filter>Source Files</Filter>
    </ClCompile>
    <ClCompile Include="manifest.cpp">
      <Filter>Source Files</Filter>
    </ClCompile>
    <ClCompile Include="Marshal.cpp">
      <Filter>Source Files</Filter>
    </ClCompile>
    <ClCompile Include="md5.cpp">
      <Filter>Source Files</Filter>
    </ClCompile>
    <ClCompile Include="MotherLode.cpp">
      <Filter>Source Files</Filter>
    </ClCompile>
    <ClCompile Include="MotherLode_Blue.cpp">
      <Filter>Source Files</Filter>
    </ClCompile>
    <ClCompile Include="NetworkLogger.cpp">
      <Filter>Source Files</Filter>
    </ClCompile>
    <ClCompile Include="PrettyPrint.cpp">
      <Filter>Source Files</Filter>
    </ClCompile>
    <ClCompile Include="PyLogObject.cpp">
      <Filter>Source Files</Filter>
    </ClCompile>
    <ClCompile Include="PyMemory.cpp">
      <Filter>Source Files</Filter>
    </ClCompile>
    <ClCompile Include="PyRowSet.cpp">
      <Filter>Source Files</Filter>
    </ClCompile>
    <ClCompile Include="PyScheduler.cpp">
      <Filter>Source Files</Filter>
    </ClCompile>
    <ClCompile Include="PythonEvents.cpp">
      <Filter>Source Files</Filter>
    </ClCompile>
    <ClCompile Include="PythonEvents_Blue.cpp">
      <Filter>Source Files</Filter>
    </ClCompile>
    <ClCompile Include="RemoteFileCache.cpp">
      <Filter>Source Files</Filter>
    </ClCompile>
    <ClCompile Include="RemoteFileCache_Blue.cpp">
      <Filter>Source Files</Filter>
    </ClCompile>
    <ClCompile Include="ResourceLoading.cpp">
      <Filter>Source Files</Filter>
    </ClCompile>
    <ClCompile Include="ScopedBlockTrap.cpp">
      <Filter>Source Files</Filter>
    </ClCompile>
    <ClCompile Include="SimpleJson.cpp">
      <Filter>Source Files</Filter>
    </ClCompile>
    <ClCompile Include="SqliteLogger.cpp">
      <Filter>Source Files</Filter>
    </ClCompile>
    <ClCompile Include="StdAfx.cpp">
      <Filter>Source Files</Filter>
    </ClCompile>
    <ClCompile Include="Stuffer.cpp">
      <Filter>Source Files</Filter>
    </ClCompile>
    <ClCompile Include="Synchro.cpp">
      <Filter>Source Files</Filter>
    </ClCompile>
    <ClCompile Include="TaskletTimer.cpp">
      <Filter>Source Files</Filter>
    </ClCompile>
    <ClCompile Include="TaskletTimer_Blue.cpp">
      <Filter>Source Files</Filter>
    </ClCompile>
    <ClCompile Include="TransGaming.cpp">
      <Filter>Source Files</Filter>
    </ClCompile>
    <ClCompile Include="WatchdogThread.cpp">
      <Filter>Source Files</Filter>
    </ClCompile>
    <ClCompile Include="win32.cpp">
      <Filter>Source Files</Filter>
    </ClCompile>
    <ClCompile Include="XUtil.cpp">
      <Filter>Source Files</Filter>
    </ClCompile>
    <ClCompile Include="YamlReader.cpp">
      <Filter>Source Files</Filter>
    </ClCompile>
    <ClCompile Include="YamlReader_Blue.cpp">
      <Filter>Source Files</Filter>
    </ClCompile>
    <ClCompile Include="YamlWriter.cpp">
      <Filter>Source Files</Filter>
    </ClCompile>
    <ClCompile Include="YamlWriter_Blue.cpp">
      <Filter>Source Files</Filter>
    </ClCompile>
    <ClCompile Include="Accumulator\PercentileAccumulator.cpp">
      <Filter>Source Files\Accumulator</Filter>
    </ClCompile>
    <ClCompile Include="Accumulator\PercentileAccumulator_Blue.cpp">
      <Filter>Source Files\Accumulator</Filter>
    </ClCompile>
    <ClCompile Include="..\Logger\Logger.cpp">
      <Filter>Source Files\Logger</Filter>
    </ClCompile>
    <ClCompile Include="..\Logger\LogServer.cpp">
      <Filter>Source Files\Logger</Filter>
    </ClCompile>
    <ResourceCompile Include="blue.rc">
      <Filter>Resource Files</Filter>
    </ResourceCompile>
  </ItemGroup>
</Project>
