
Microsoft Visual Studio Solution File, Format Version 12.00
# Visual Studio 15
VisualStudioVersion = 15.0.26228.4
MinimumVisualStudioVersion = 10.0.40219.1
Project("{8BC9CEB8-8B4A-11D0-8D11-00A0C91BC942}") = "blue", "blue.vcxproj", "{8CE8EA0A-B9E5-4D95-A0CD-06DC6BC5C5C5}"
	ProjectSection(ProjectDependencies) = postProject
		{7659E75A-1344-B376-2090-85EB5AB1C53A} = {7659E75A-1344-B376-2090-85EB5AB1C53A}
		{E9B068B0-596C-83A5-3555-A622A42672E9} = {E9B068B0-596C-83A5-3555-A622A42672E9}
	EndProjectSection
EndProject
Project("{8BC9CEB8-8B4A-11D0-8D11-00A0C91BC942}") = "BlueExposure", "..\BlueExposure\BlueExposure.vcxproj", "{E9B068B0-596C-83A5-3555-A622A42672E9}"
EndProject
Project("{8BC9CEB8-8B4A-11D0-8D11-00A0C91BC942}") = "CcpCore", "..\CcpCore\CcpCore.vcxproj", "{7659E75A-1344-B376-2090-85EB5AB1C53A}"
EndProject
Project("{8BC9CEB8-8B4A-11D0-8D11-00A0C91BC942}") = "BlueExposureTest", "..\BlueExposureTest\BlueExposureTest.vcxproj", "{9B1B47B4-0ACD-8FB8-CCE6-D414443D4989}"
EndProject
Global
	GlobalSection(SolutionConfigurationPlatforms) = preSolution
		Debug|Win32 = Debug|Win32
		Debug|x64 = Debug|x64
		DebugLua|Win32 = DebugLua|Win32
		DebugLua|x64 = DebugLua|x64
		DebugStatic|Win32 = DebugStatic|Win32
		DebugStatic|x64 = DebugStatic|x64
		Release_26|Win32 = Release_26|Win32
		Release_26|x64 = Release_26|x64
		Release_27_WithBlue|Win32 = Release_27_WithBlue|Win32
		Release_27_WithBlue|x64 = Release_27_WithBlue|x64
		Release_27|Win32 = Release_27|Win32
		Release_27|x64 = Release_27|x64
		Release|Win32 = Release|Win32
		Release|x64 = Release|x64
		ReleaseStatic_26|Win32 = ReleaseStatic_26|Win32
		ReleaseStatic_26|x64 = ReleaseStatic_26|x64
		ReleaseStatic_27|Win32 = ReleaseStatic_27|Win32
		ReleaseStatic_27|x64 = ReleaseStatic_27|x64
		ReleaseStatic|Win32 = ReleaseStatic|Win32
		ReleaseStatic|x64 = ReleaseStatic|x64
	EndGlobalSection
	GlobalSection(ProjectConfigurationPlatforms) = postSolution
		{8CE8EA0A-B9E5-4D95-A0CD-06DC6BC5C5C5}.Debug|Win32.ActiveCfg = Debug|Win32
		{8CE8EA0A-B9E5-4D95-A0CD-06DC6BC5C5C5}.Debug|Win32.Build.0 = Debug|Win32
		{8CE8EA0A-B9E5-4D95-A0CD-06DC6BC5C5C5}.Debug|x64.ActiveCfg = Debug|x64
		{8CE8EA0A-B9E5-4D95-A0CD-06DC6BC5C5C5}.Debug|x64.Build.0 = Debug|x64
		{8CE8EA0A-B9E5-4D95-A0CD-06DC6BC5C5C5}.DebugLua|Win32.ActiveCfg = Debug|Win32
		{8CE8EA0A-B9E5-4D95-A0CD-06DC6BC5C5C5}.DebugLua|Win32.Build.0 = Debug|Win32
		{8CE8EA0A-B9E5-4D95-A0CD-06DC6BC5C5C5}.DebugLua|Win32.Deploy.0 = Debug|Win32
		{8CE8EA0A-B9E5-4D95-A0CD-06DC6BC5C5C5}.DebugLua|x64.ActiveCfg = Debug|x64
		{8CE8EA0A-B9E5-4D95-A0CD-06DC6BC5C5C5}.DebugLua|x64.Build.0 = Debug|x64
		{8CE8EA0A-B9E5-4D95-A0CD-06DC6BC5C5C5}.DebugLua|x64.Deploy.0 = Debug|x64
		{8CE8EA0A-B9E5-4D95-A0CD-06DC6BC5C5C5}.DebugStatic|Win32.ActiveCfg = Debug|x64
		{8CE8EA0A-B9E5-4D95-A0CD-06DC6BC5C5C5}.DebugStatic|x64.ActiveCfg = Debug|x64
		{8CE8EA0A-B9E5-4D95-A0CD-06DC6BC5C5C5}.DebugStatic|x64.Build.0 = Debug|x64
		{8CE8EA0A-B9E5-4D95-A0CD-06DC6BC5C5C5}.Release_26|Win32.ActiveCfg = Release_26|Win32
		{8CE8EA0A-B9E5-4D95-A0CD-06DC6BC5C5C5}.Release_26|Win32.Build.0 = Release_26|Win32
		{8CE8EA0A-B9E5-4D95-A0CD-06DC6BC5C5C5}.Release_26|x64.ActiveCfg = Release_26|x64
		{8CE8EA0A-B9E5-4D95-A0CD-06DC6BC5C5C5}.Release_26|x64.Build.0 = Release_26|x64
		{8CE8EA0A-B9E5-4D95-A0CD-06DC6BC5C5C5}.Release_27_WithBlue|Win32.ActiveCfg = Release_27|x64
		{8CE8EA0A-B9E5-4D95-A0CD-06DC6BC5C5C5}.Release_27_WithBlue|x64.ActiveCfg = Release_27|x64
		{8CE8EA0A-B9E5-4D95-A0CD-06DC6BC5C5C5}.Release_27_WithBlue|x64.Build.0 = Release_27|x64
		{8CE8EA0A-B9E5-4D95-A0CD-06DC6BC5C5C5}.Release_27|Win32.ActiveCfg = Release_27|Win32
		{8CE8EA0A-B9E5-4D95-A0CD-06DC6BC5C5C5}.Release_27|Win32.Build.0 = Release_27|Win32
		{8CE8EA0A-B9E5-4D95-A0CD-06DC6BC5C5C5}.Release_27|x64.ActiveCfg = Release_27|x64
		{8CE8EA0A-B9E5-4D95-A0CD-06DC6BC5C5C5}.Release_27|x64.Build.0 = Release_27|x64
		{8CE8EA0A-B9E5-4D95-A0CD-06DC6BC5C5C5}.Release|Win32.ActiveCfg = Release|Win32
		{8CE8EA0A-B9E5-4D95-A0CD-06DC6BC5C5C5}.Release|Win32.Build.0 = Release|Win32
		{8CE8EA0A-B9E5-4D95-A0CD-06DC6BC5C5C5}.Release|x64.ActiveCfg = Release|x64
		{8CE8EA0A-B9E5-4D95-A0CD-06DC6BC5C5C5}.Release|x64.Build.0 = Release|x64
		{8CE8EA0A-B9E5-4D95-A0CD-06DC6BC5C5C5}.ReleaseStatic_26|Win32.ActiveCfg = Release|Win32
		{8CE8EA0A-B9E5-4D95-A0CD-06DC6BC5C5C5}.ReleaseStatic_26|Win32.Build.0 = Release|Win32
		{8CE8EA0A-B9E5-4D95-A0CD-06DC6BC5C5C5}.ReleaseStatic_26|x64.ActiveCfg = Release|Win32
		{8CE8EA0A-B9E5-4D95-A0CD-06DC6BC5C5C5}.ReleaseStatic_27|Win32.ActiveCfg = Release|Win32
		{8CE8EA0A-B9E5-4D95-A0CD-06DC6BC5C5C5}.ReleaseStatic_27|Win32.Build.0 = Release|Win32
		{8CE8EA0A-B9E5-4D95-A0CD-06DC6BC5C5C5}.ReleaseStatic_27|x64.ActiveCfg = Release|Win32
		{8CE8EA0A-B9E5-4D95-A0CD-06DC6BC5C5C5}.ReleaseStatic|Win32.ActiveCfg = Release|Win32
		{8CE8EA0A-B9E5-4D95-A0CD-06DC6BC5C5C5}.ReleaseStatic|Win32.Build.0 = Release|Win32
		{8CE8EA0A-B9E5-4D95-A0CD-06DC6BC5C5C5}.ReleaseStatic|x64.ActiveCfg = Release|Win32
		{E9B068B0-596C-83A5-3555-A622A42672E9}.Debug|Win32.ActiveCfg = Debug|Win32
		{E9B068B0-596C-83A5-3555-A622A42672E9}.Debug|Win32.Build.0 = Debug|Win32
		{E9B068B0-596C-83A5-3555-A622A42672E9}.Debug|x64.ActiveCfg = Debug|x64
		{E9B068B0-596C-83A5-3555-A622A42672E9}.Debug|x64.Build.0 = Debug|x64
		{E9B068B0-596C-83A5-3555-A622A42672E9}.DebugLua|Win32.ActiveCfg = DebugNoExposure|Win32
		{E9B068B0-596C-83A5-3555-A622A42672E9}.DebugLua|Win32.Build.0 = DebugNoExposure|Win32
		{E9B068B0-596C-83A5-3555-A622A42672E9}.DebugLua|x64.ActiveCfg = DebugNoExposure|x64
		{E9B068B0-596C-83A5-3555-A622A42672E9}.DebugLua|x64.Build.0 = DebugNoExposure|x64
		{E9B068B0-596C-83A5-3555-A622A42672E9}.DebugStatic|Win32.ActiveCfg = DebugStatic|Win32
		{E9B068B0-596C-83A5-3555-A622A42672E9}.DebugStatic|Win32.Build.0 = DebugStatic|Win32
		{E9B068B0-596C-83A5-3555-A622A42672E9}.DebugStatic|x64.ActiveCfg = DebugStatic|x64
		{E9B068B0-596C-83A5-3555-A622A42672E9}.DebugStatic|x64.Build.0 = DebugStatic|x64
		{E9B068B0-596C-83A5-3555-A622A42672E9}.Release_26|Win32.ActiveCfg = Release_26|Win32
		{E9B068B0-596C-83A5-3555-A622A42672E9}.Release_26|Win32.Build.0 = Release_26|Win32
		{E9B068B0-596C-83A5-3555-A622A42672E9}.Release_26|x64.ActiveCfg = Release_26|x64
		{E9B068B0-596C-83A5-3555-A622A42672E9}.Release_26|x64.Build.0 = Release_26|x64
		{E9B068B0-596C-83A5-3555-A622A42672E9}.Release_27_WithBlue|Win32.ActiveCfg = Release_27|x64
		{E9B068B0-596C-83A5-3555-A622A42672E9}.Release_27_WithBlue|x64.ActiveCfg = Release_27|x64
		{E9B068B0-596C-83A5-3555-A622A42672E9}.Release_27_WithBlue|x64.Build.0 = Release_27|x64
		{E9B068B0-596C-83A5-3555-A622A42672E9}.Release_27|Win32.ActiveCfg = Release_27|Win32
		{E9B068B0-596C-83A5-3555-A622A42672E9}.Release_27|Win32.Build.0 = Release_27|Win32
		{E9B068B0-596C-83A5-3555-A622A42672E9}.Release_27|x64.ActiveCfg = Release_27|x64
		{E9B068B0-596C-83A5-3555-A622A42672E9}.Release_27|x64.Build.0 = Release_27|x64
		{E9B068B0-596C-83A5-3555-A622A42672E9}.Release|Win32.ActiveCfg = Release|Win32
		{E9B068B0-596C-83A5-3555-A622A42672E9}.Release|Win32.Build.0 = Release|Win32
		{E9B068B0-596C-83A5-3555-A622A42672E9}.Release|x64.ActiveCfg = Release|x64
		{E9B068B0-596C-83A5-3555-A622A42672E9}.Release|x64.Build.0 = Release|x64
		{E9B068B0-596C-83A5-3555-A622A42672E9}.ReleaseStatic_26|Win32.ActiveCfg = ReleaseStatic_26|Win32
		{E9B068B0-596C-83A5-3555-A622A42672E9}.ReleaseStatic_26|Win32.Build.0 = ReleaseStatic_26|Win32
		{E9B068B0-596C-83A5-3555-A622A42672E9}.ReleaseStatic_26|x64.ActiveCfg = ReleaseStatic_26|x64
		{E9B068B0-596C-83A5-3555-A622A42672E9}.ReleaseStatic_26|x64.Build.0 = ReleaseStatic_26|x64
		{E9B068B0-596C-83A5-3555-A622A42672E9}.ReleaseStatic_27|Win32.ActiveCfg = ReleaseStatic_27|Win32
		{E9B068B0-596C-83A5-3555-A622A42672E9}.ReleaseStatic_27|Win32.Build.0 = ReleaseStatic_27|Win32
		{E9B068B0-596C-83A5-3555-A622A42672E9}.ReleaseStatic_27|x64.ActiveCfg = ReleaseStatic_27|x64
		{E9B068B0-596C-83A5-3555-A622A42672E9}.ReleaseStatic_27|x64.Build.0 = ReleaseStatic_27|x64
		{E9B068B0-596C-83A5-3555-A622A42672E9}.ReleaseStatic|Win32.ActiveCfg = ReleaseStatic|Win32
		{E9B068B0-596C-83A5-3555-A622A42672E9}.ReleaseStatic|Win32.Build.0 = ReleaseStatic|Win32
		{E9B068B0-596C-83A5-3555-A622A42672E9}.ReleaseStatic|x64.ActiveCfg = ReleaseStatic|x64
		{E9B068B0-596C-83A5-3555-A622A42672E9}.ReleaseStatic|x64.Build.0 = ReleaseStatic|x64
		{7659E75A-1344-B376-2090-85EB5AB1C53A}.Debug|Win32.ActiveCfg = Debug|Win32
		{7659E75A-1344-B376-2090-85EB5AB1C53A}.Debug|Win32.Build.0 = Debug|Win32
		{7659E75A-1344-B376-2090-85EB5AB1C53A}.Debug|x64.ActiveCfg = Debug|x64
		{7659E75A-1344-B376-2090-85EB5AB1C53A}.Debug|x64.Build.0 = Debug|x64
		{7659E75A-1344-B376-2090-85EB5AB1C53A}.DebugLua|Win32.ActiveCfg = Debug|Win32
		{7659E75A-1344-B376-2090-85EB5AB1C53A}.DebugLua|Win32.Build.0 = Debug|Win32
		{7659E75A-1344-B376-2090-85EB5AB1C53A}.DebugLua|x64.ActiveCfg = Debug|x64
		{7659E75A-1344-B376-2090-85EB5AB1C53A}.DebugLua|x64.Build.0 = Debug|x64
		{7659E75A-1344-B376-2090-85EB5AB1C53A}.DebugStatic|Win32.ActiveCfg = DebugStatic|Win32
		{7659E75A-1344-B376-2090-85EB5AB1C53A}.DebugStatic|Win32.Build.0 = DebugStatic|Win32
		{7659E75A-1344-B376-2090-85EB5AB1C53A}.DebugStatic|x64.ActiveCfg = DebugStatic|x64
		{7659E75A-1344-B376-2090-85EB5AB1C53A}.DebugStatic|x64.Build.0 = DebugStatic|x64
		{7659E75A-1344-B376-2090-85EB5AB1C53A}.Release_26|Win32.ActiveCfg = Release|Win32
		{7659E75A-1344-B376-2090-85EB5AB1C53A}.Release_26|Win32.Build.0 = Release|Win32
		{7659E75A-1344-B376-2090-85EB5AB1C53A}.Release_26|x64.ActiveCfg = Release|Win32
		{7659E75A-1344-B376-2090-85EB5AB1C53A}.Release_27_WithBlue|Win32.ActiveCfg = Release|Win32
		{7659E75A-1344-B376-2090-85EB5AB1C53A}.Release_27_WithBlue|Win32.Build.0 = Release|Win32
		{7659E75A-1344-B376-2090-85EB5AB1C53A}.Release_27_WithBlue|x64.ActiveCfg = Release|Win32
		{7659E75A-1344-B376-2090-85EB5AB1C53A}.Release_27|Win32.ActiveCfg = Release|Win32
		{7659E75A-1344-B376-2090-85EB5AB1C53A}.Release_27|Win32.Build.0 = Release|Win32
		{7659E75A-1344-B376-2090-85EB5AB1C53A}.Release_27|x64.ActiveCfg = Release|Win32
		{7659E75A-1344-B376-2090-85EB5AB1C53A}.Release|Win32.ActiveCfg = Release|Win32
		{7659E75A-1344-B376-2090-85EB5AB1C53A}.Release|Win32.Build.0 = Release|Win32
		{7659E75A-1344-B376-2090-85EB5AB1C53A}.Release|x64.ActiveCfg = Release|x64
		{7659E75A-1344-B376-2090-85EB5AB1C53A}.Release|x64.Build.0 = Release|x64
		{7659E75A-1344-B376-2090-85EB5AB1C53A}.ReleaseStatic_26|Win32.ActiveCfg = ReleaseStatic|x64
		{7659E75A-1344-B376-2090-85EB5AB1C53A}.ReleaseStatic_26|x64.ActiveCfg = ReleaseStatic|x64
		{7659E75A-1344-B376-2090-85EB5AB1C53A}.ReleaseStatic_26|x64.Build.0 = ReleaseStatic|x64
		{7659E75A-1344-B376-2090-85EB5AB1C53A}.ReleaseStatic_27|Win32.ActiveCfg = ReleaseStatic|x64
		{7659E75A-1344-B376-2090-85EB5AB1C53A}.ReleaseStatic_27|x64.ActiveCfg = ReleaseStatic|x64
		{7659E75A-1344-B376-2090-85EB5AB1C53A}.ReleaseStatic_27|x64.Build.0 = ReleaseStatic|x64
		{7659E75A-1344-B376-2090-85EB5AB1C53A}.ReleaseStatic|Win32.ActiveCfg = ReleaseStatic|Win32
		{7659E75A-1344-B376-2090-85EB5AB1C53A}.ReleaseStatic|Win32.Build.0 = ReleaseStatic|Win32
		{7659E75A-1344-B376-2090-85EB5AB1C53A}.ReleaseStatic|x64.ActiveCfg = ReleaseStatic|x64
		{7659E75A-1344-B376-2090-85EB5AB1C53A}.ReleaseStatic|x64.Build.0 = ReleaseStatic|x64
		{9B1B47B4-0ACD-8FB8-CCE6-D414443D4989}.Debug|Win32.ActiveCfg = Debug|Win32
		{9B1B47B4-0ACD-8FB8-CCE6-D414443D4989}.Debug|Win32.Build.0 = Debug|Win32
		{9B1B47B4-0ACD-8FB8-CCE6-D414443D4989}.Debug|x64.ActiveCfg = Debug|x64
		{9B1B47B4-0ACD-8FB8-CCE6-D414443D4989}.Debug|x64.Build.0 = Debug|x64
		{9B1B47B4-0ACD-8FB8-CCE6-D414443D4989}.DebugLua|Win32.ActiveCfg = Debug|Win32
		{9B1B47B4-0ACD-8FB8-CCE6-D414443D4989}.DebugLua|Win32.Build.0 = Debug|Win32
		{9B1B47B4-0ACD-8FB8-CCE6-D414443D4989}.DebugLua|x64.ActiveCfg = Debug|x64
		{9B1B47B4-0ACD-8FB8-CCE6-D414443D4989}.DebugLua|x64.Build.0 = Debug|x64
		{9B1B47B4-0ACD-8FB8-CCE6-D414443D4989}.DebugStatic|Win32.ActiveCfg = Debug|Win32
		{9B1B47B4-0ACD-8FB8-CCE6-D414443D4989}.DebugStatic|Win32.Build.0 = Debug|Win32
		{9B1B47B4-0ACD-8FB8-CCE6-D414443D4989}.DebugStatic|x64.ActiveCfg = Debug|x64
		{9B1B47B4-0ACD-8FB8-CCE6-D414443D4989}.DebugStatic|x64.Build.0 = Debug|x64
		{9B1B47B4-0ACD-8FB8-CCE6-D414443D4989}.Release_26|Win32.ActiveCfg = Release_26|Win32
		{9B1B47B4-0ACD-8FB8-CCE6-D414443D4989}.Release_26|Win32.Build.0 = Release_26|Win32
		{9B1B47B4-0ACD-8FB8-CCE6-D414443D4989}.Release_26|x64.ActiveCfg = Release_26|x64
		{9B1B47B4-0ACD-8FB8-CCE6-D414443D4989}.Release_26|x64.Build.0 = Release_26|x64
		{9B1B47B4-0ACD-8FB8-CCE6-D414443D4989}.Release_27_WithBlue|Win32.ActiveCfg = Release_27|Win32
		{9B1B47B4-0ACD-8FB8-CCE6-D414443D4989}.Release_27_WithBlue|Win32.Build.0 = Release_27|Win32
		{9B1B47B4-0ACD-8FB8-CCE6-D414443D4989}.Release_27_WithBlue|x64.ActiveCfg = Release_27|x64
		{9B1B47B4-0ACD-8FB8-CCE6-D414443D4989}.Release_27_WithBlue|x64.Build.0 = Release_27|x64
		{9B1B47B4-0ACD-8FB8-CCE6-D414443D4989}.Release_27|Win32.ActiveCfg = Release_27|Win32
		{9B1B47B4-0ACD-8FB8-CCE6-D414443D4989}.Release_27|Win32.Build.0 = Release_27|Win32
		{9B1B47B4-0ACD-8FB8-CCE6-D414443D4989}.Release_27|x64.ActiveCfg = Release_27|x64
		{9B1B47B4-0ACD-8FB8-CCE6-D414443D4989}.Release_27|x64.Build.0 = Release_27|x64
		{9B1B47B4-0ACD-8FB8-CCE6-D414443D4989}.Release|Win32.ActiveCfg = Release|Win32
		{9B1B47B4-0ACD-8FB8-CCE6-D414443D4989}.Release|Win32.Build.0 = Release|Win32
		{9B1B47B4-0ACD-8FB8-CCE6-D414443D4989}.Release|x64.ActiveCfg = Release|x64
		{9B1B47B4-0ACD-8FB8-CCE6-D414443D4989}.Release|x64.Build.0 = Release|x64
		{9B1B47B4-0ACD-8FB8-CCE6-D414443D4989}.ReleaseStatic_26|Win32.ActiveCfg = Release|Win32
		{9B1B47B4-0ACD-8FB8-CCE6-D414443D4989}.ReleaseStatic_26|Win32.Build.0 = Release|Win32
		{9B1B47B4-0ACD-8FB8-CCE6-D414443D4989}.ReleaseStatic_26|x64.ActiveCfg = Release|Win32
		{9B1B47B4-0ACD-8FB8-CCE6-D414443D4989}.ReleaseStatic_27|Win32.ActiveCfg = Release|Win32
		{9B1B47B4-0ACD-8FB8-CCE6-D414443D4989}.ReleaseStatic_27|Win32.Build.0 = Release|Win32
		{9B1B47B4-0ACD-8FB8-CCE6-D414443D4989}.ReleaseStatic_27|x64.ActiveCfg = Release|Win32
		{9B1B47B4-0ACD-8FB8-CCE6-D414443D4989}.ReleaseStatic|Win32.ActiveCfg = Release|Win32
		{9B1B47B4-0ACD-8FB8-CCE6-D414443D4989}.ReleaseStatic|Win32.Build.0 = Release|Win32
		{9B1B47B4-0ACD-8FB8-CCE6-D414443D4989}.ReleaseStatic|x64.ActiveCfg = Release|Win32
	EndGlobalSection
	GlobalSection(SolutionProperties) = preSolution
		HideSolutionNode = FALSE
	EndGlobalSection
EndGlobal
